
Microsoft Visual Studio Solution File, Format Version 12.00
# Visual Studio Version 17
VisualStudioVersion = 17.14.36401.2 d17.14
MinimumVisualStudioVersion = 10.0.40219.1
Project("{FAE04EC0-301F-11D3-BF4B-00C04F79EFBC}") = "BRaVe-Mobile-Backend", "BRaVe-Mobile-Backend.csproj", "{F5B2DB25-AF05-416E-AB81-313EE6F7EFB9}"
EndProject
Global
	GlobalSection(SolutionConfigurationPlatforms) = preSolution
		Debug|Any CPU = Debug|Any CPU
		Release|Any CPU = Release|Any CPU
	EndGlobalSection
	GlobalSection(ProjectConfigurationPlatforms) = postSolution
		{F5B2DB25-AF05-416E-AB81-313EE6F7EFB9}.Debug|Any CPU.ActiveCfg = Debug|Any CPU
		{F5B2DB25-AF05-416E-AB81-313EE6F7EFB9}.Debug|Any CPU.Build.0 = Debug|Any CPU
		{F5B2DB25-AF05-416E-AB81-313EE6F7EFB9}.Release|Any CPU.ActiveCfg = Release|Any CPU
		{F5B2DB25-AF05-416E-AB81-313EE6F7EFB9}.Release|Any CPU.Build.0 = Release|Any CPU
	EndGlobalSection
	GlobalSection(SolutionProperties) = preSolution
		HideSolutionNode = FALSE
	EndGlobalSection
	GlobalSection(ExtensibilityGlobals) = postSolution
		SolutionGuid = {A6C78492-ECF4-4C98-B812-1CFB058DBEC3}
	EndGlobalSection
EndGlobal
